
Microsoft Visual Studio Solution File, Format Version 12.00
# Visual Studio 14
VisualStudioVersion = 14.0.23107.0
MinimumVisualStudioVersion = 10.0.40219.1
Project("{2150E333-8FDC-42A3-9474-1A3956D46DE8}") = "Demo_Travis_CI", "Demo_Travis_CI", "{CC99A33C-CD0C-47B4-8A35-983F99D90106}"
EndProject
Project("{D954291E-2A0B-460D-934E-DC6B0785DB48}") = "Demo_Travis_CI.Shared", "Demo_Travis_CI\Demo_Travis_CI.Shared\Demo_Travis_CI.Shared.shproj", "{ADC65AA2-09BF-4A1D-AE54-6B1766AF3B57}"
EndProject
Project("{FAE04EC0-301F-11D3-BF4B-00C04F79EFBC}") = "Demo_Travis_CI.Windows", "Demo_Travis_CI\Demo_Travis_CI.Windows\Demo_Travis_CI.Windows.csproj", "{306636C7-B9FE-45F8-A06C-7B0A4D6D7DBA}"
EndProject
Project("{FAE04EC0-301F-11D3-BF4B-00C04F79EFBC}") = "Demo_Travis_CI.WindowsPhone", "Demo_Travis_CI\Demo_Travis_CI.WindowsPhone\Demo_Travis_CI.WindowsPhone.csproj", "{B8B765EF-3C21-43B3-8704-527BA6CA736A}"
EndProject
Global
	GlobalSection(SharedMSBuildProjectFiles) = preSolution
		Demo_Travis_CI\Demo_Travis_CI.Shared\Demo_Travis_CI.Shared.projitems*{adc65aa2-09bf-4a1d-ae54-6b1766af3b57}*SharedItemsImports = 13
		Demo_Travis_CI\Demo_Travis_CI.Shared\Demo_Travis_CI.Shared.projitems*{b8b765ef-3c21-43b3-8704-527ba6ca736a}*SharedItemsImports = 4
		Demo_Travis_CI\Demo_Travis_CI.Shared\Demo_Travis_CI.Shared.projitems*{306636c7-b9fe-45f8-a06c-7b0a4d6d7dba}*SharedItemsImports = 4
	EndGlobalSection
	GlobalSection(SolutionConfigurationPlatforms) = preSolution
		Debug|Any CPU = Debug|Any CPU
		Debug|ARM = Debug|ARM
		Debug|x64 = Debug|x64
		Debug|x86 = Debug|x86
		Release|Any CPU = Release|Any CPU
		Release|ARM = Release|ARM
		Release|x64 = Release|x64
		Release|x86 = Release|x86
	EndGlobalSection
	GlobalSection(ProjectConfigurationPlatforms) = postSolution
		{306636C7-B9FE-45F8-A06C-7B0A4D6D7DBA}.Debug|Any CPU.ActiveCfg = Debug|Any CPU
		{306636C7-B9FE-45F8-A06C-7B0A4D6D7DBA}.Debug|Any CPU.Build.0 = Debug|Any CPU
		{306636C7-B9FE-45F8-A06C-7B0A4D6D7DBA}.Debug|Any CPU.Deploy.0 = Debug|Any CPU
		{306636C7-B9FE-45F8-A06C-7B0A4D6D7DBA}.Debug|ARM.ActiveCfg = Debug|ARM
		{306636C7-B9FE-45F8-A06C-7B0A4D6D7DBA}.Debug|ARM.Build.0 = Debug|ARM
		{306636C7-B9FE-45F8-A06C-7B0A4D6D7DBA}.Debug|ARM.Deploy.0 = Debug|ARM
		{306636C7-B9FE-45F8-A06C-7B0A4D6D7DBA}.Debug|x64.ActiveCfg = Debug|x64
		{306636C7-B9FE-45F8-A06C-7B0A4D6D7DBA}.Debug|x64.Build.0 = Debug|x64
		{306636C7-B9FE-45F8-A06C-7B0A4D6D7DBA}.Debug|x64.Deploy.0 = Debug|x64
		{306636C7-B9FE-45F8-A06C-7B0A4D6D7DBA}.Debug|x86.ActiveCfg = Debug|x86
		{306636C7-B9FE-45F8-A06C-7B0A4D6D7DBA}.Debug|x86.Build.0 = Debug|x86
		{306636C7-B9FE-45F8-A06C-7B0A4D6D7DBA}.Debug|x86.Deploy.0 = Debug|x86
		{306636C7-B9FE-45F8-A06C-7B0A4D6D7DBA}.Release|Any CPU.ActiveCfg = Release|Any CPU
		{306636C7-B9FE-45F8-A06C-7B0A4D6D7DBA}.Release|Any CPU.Build.0 = Release|Any CPU
		{306636C7-B9FE-45F8-A06C-7B0A4D6D7DBA}.Release|Any CPU.Deploy.0 = Release|Any CPU
		{306636C7-B9FE-45F8-A06C-7B0A4D6D7DBA}.Release|ARM.ActiveCfg = Release|ARM
		{306636C7-B9FE-45F8-A06C-7B0A4D6D7DBA}.Release|ARM.Build.0 = Release|ARM
		{306636C7-B9FE-45F8-A06C-7B0A4D6D7DBA}.Release|ARM.Deploy.0 = Release|ARM
		{306636C7-B9FE-45F8-A06C-7B0A4D6D7DBA}.Release|x64.ActiveCfg = Release|x64
		{306636C7-B9FE-45F8-A06C-7B0A4D6D7DBA}.Release|x64.Build.0 = Release|x64
		{306636C7-B9FE-45F8-A06C-7B0A4D6D7DBA}.Release|x64.Deploy.0 = Release|x64
		{306636C7-B9FE-45F8-A06C-7B0A4D6D7DBA}.Release|x86.ActiveCfg = Release|x86
		{306636C7-B9FE-45F8-A06C-7B0A4D6D7DBA}.Release|x86.Build.0 = Release|x86
		{306636C7-B9FE-45F8-A06C-7B0A4D6D7DBA}.Release|x86.Deploy.0 = Release|x86
		{B8B765EF-3C21-43B3-8704-527BA6CA736A}.Debug|Any CPU.ActiveCfg = Debug|Any CPU
		{B8B765EF-3C21-43B3-8704-527BA6CA736A}.Debug|Any CPU.Build.0 = Debug|Any CPU
		{B8B765EF-3C21-43B3-8704-527BA6CA736A}.Debug|Any CPU.Deploy.0 = Debug|Any CPU
		{B8B765EF-3C21-43B3-8704-527BA6CA736A}.Debug|ARM.ActiveCfg = Debug|ARM
		{B8B765EF-3C21-43B3-8704-527BA6CA736A}.Debug|ARM.Build.0 = Debug|ARM
		{B8B765EF-3C21-43B3-8704-527BA6CA736A}.Debug|ARM.Deploy.0 = Debug|ARM
		{B8B765EF-3C21-43B3-8704-527BA6CA736A}.Debug|x64.ActiveCfg = Debug|Any CPU
		{B8B765EF-3C21-43B3-8704-527BA6CA736A}.Debug|x64.Build.0 = Debug|Any CPU
		{B8B765EF-3C21-43B3-8704-527BA6CA736A}.Debug|x64.Deploy.0 = Debug|Any CPU
		{B8B765EF-3C21-43B3-8704-527BA6CA736A}.Debug|x86.ActiveCfg = Debug|x86
		{B8B765EF-3C21-43B3-8704-527BA6CA736A}.Debug|x86.Build.0 = Debug|x86
		{B8B765EF-3C21-43B3-8704-527BA6CA736A}.Debug|x86.Deploy.0 = Debug|x86
		{B8B765EF-3C21-43B3-8704-527BA6CA736A}.Release|Any CPU.ActiveCfg = Release|Any CPU
		{B8B765EF-3C21-43B3-8704-527BA6CA736A}.Release|Any CPU.Build.0 = Release|Any CPU
		{B8B765EF-3C21-43B3-8704-527BA6CA736A}.Release|Any CPU.Deploy.0 = Release|Any CPU
		{B8B765EF-3C21-43B3-8704-527BA6CA736A}.Release|ARM.ActiveCfg = Release|ARM
		{B8B765EF-3C21-43B3-8704-527BA6CA736A}.Release|ARM.Build.0 = Release|ARM
		{B8B765EF-3C21-43B3-8704-527BA6CA736A}.Release|ARM.Deploy.0 = Release|ARM
		{B8B765EF-3C21-43B3-8704-527BA6CA736A}.Release|x64.ActiveCfg = Release|Any CPU
		{B8B765EF-3C21-43B3-8704-527BA6CA736A}.Release|x64.Build.0 = Release|Any CPU
		{B8B765EF-3C21-43B3-8704-527BA6CA736A}.Release|x64.Deploy.0 = Release|Any CPU
		{B8B765EF-3C21-43B3-8704-527BA6CA736A}.Release|x86.ActiveCfg = Release|x86
		{B8B765EF-3C21-43B3-8704-527BA6CA736A}.Release|x86.Build.0 = Release|x86
		{B8B765EF-3C21-43B3-8704-527BA6CA736A}.Release|x86.Deploy.0 = Release|x86
	EndGlobalSection
	GlobalSection(SolutionProperties) = preSolution
		HideSolutionNode = FALSE
	EndGlobalSection
	GlobalSection(NestedProjects) = preSolution
		{ADC65AA2-09BF-4A1D-AE54-6B1766AF3B57} = {CC99A33C-CD0C-47B4-8A35-983F99D90106}
		{306636C7-B9FE-45F8-A06C-7B0A4D6D7DBA} = {CC99A33C-CD0C-47B4-8A35-983F99D90106}
		{B8B765EF-3C21-43B3-8704-527BA6CA736A} = {CC99A33C-CD0C-47B4-8A35-983F99D90106}
	EndGlobalSection
EndGlobal
